
Microsoft Visual Studio Solution File, Format Version 12.00
# Visual Studio 14
VisualStudioVersion = 14.0.25420.1
MinimumVisualStudioVersion = 10.0.40219.1
Project("{54435603-DBB4-11D2-8724-00A0C9A8B90C}") = "Airsafe LED灯具配置软件 V1.0", "Airsafe LED灯具配置软件 V1.0\Airsafe LED灯具配置软件 V1.0.vdproj", "{DB806B44-64CA-44F5-9ABB-FE2C0551C125}"
EndProject
Global
	GlobalSection(SolutionConfigurationPlatforms) = preSolution
		Debug|Default = Debug|Default
		Release|Default = Release|Default
	EndGlobalSection
	GlobalSection(ProjectConfigurationPlatforms) = postSolution
		{DB806B44-64CA-44F5-9ABB-FE2C0551C125}.Debug|Default.ActiveCfg = Debug
		{DB806B44-64CA-44F5-9ABB-FE2C0551C125}.Debug|Default.Build.0 = Debug
		{DB806B44-64CA-44F5-9ABB-FE2C0551C125}.Release|Default.ActiveCfg = Release
		{DB806B44-64CA-44F5-9ABB-FE2C0551C125}.Release|Default.Build.0 = Release
	EndGlobalSection
	GlobalSection(SolutionProperties) = preSolution
		HideSolutionNode = FALSE
	EndGlobalSection
EndGlobal
